
Microsoft Visual Studio Solution File, Format Version 12.00
# Visual Studio Version 16
VisualStudioVersion = 16.0.30320.27
MinimumVisualStudioVersion = 10.0.40219.1
Project("{FAE04EC0-301F-11D3-BF4B-00C04F79EFBC}") = "LDC", "LDC\LDC.csproj", "{E8B2F2D4-C5AE-4F1C-AF9A-1905E0824440}"
EndProject
Project("{FAE04EC0-301F-11D3-BF4B-00C04F79EFBC}") = "Arrange", "Arrange\Arrange.csproj", "{C7177921-EF9F-406C-BBB9-CA0854DDFFCE}"
EndProject
Global
	GlobalSection(SolutionConfigurationPlatforms) = preSolution
		Debug|Any CPU = Debug|Any CPU
		Release|Any CPU = Release|Any CPU
	EndGlobalSection
	GlobalSection(ProjectConfigurationPlatforms) = postSolution
		{E8B2F2D4-C5AE-4F1C-AF9A-1905E0824440}.Debug|Any CPU.ActiveCfg = Debug|Any CPU
		{E8B2F2D4-C5AE-4F1C-AF9A-1905E0824440}.Debug|Any CPU.Build.0 = Debug|Any CPU
		{E8B2F2D4-C5AE-4F1C-AF9A-1905E0824440}.Release|Any CPU.ActiveCfg = Release|Any CPU
		{E8B2F2D4-C5AE-4F1C-AF9A-1905E0824440}.Release|Any CPU.Build.0 = Release|Any CPU
		{C7177921-EF9F-406C-BBB9-CA0854DDFFCE}.Debug|Any CPU.ActiveCfg = Debug|Any CPU
		{C7177921-EF9F-406C-BBB9-CA0854DDFFCE}.Debug|Any CPU.Build.0 = Debug|Any CPU
		{C7177921-EF9F-406C-BBB9-CA0854DDFFCE}.Release|Any CPU.ActiveCfg = Release|Any CPU
		{C7177921-EF9F-406C-BBB9-CA0854DDFFCE}.Release|Any CPU.Build.0 = Release|Any CPU
	EndGlobalSection
	GlobalSection(SolutionProperties) = preSolution
		HideSolutionNode = FALSE
	EndGlobalSection
	GlobalSection(ExtensibilityGlobals) = postSolution
		SolutionGuid = {71A08E8D-87E7-46BA-B028-847A50246D54}
	EndGlobalSection
EndGlobal
